
Microsoft Visual Studio Solution File, Format Version 12.00
# Visual Studio Version 17
VisualStudioVersion = 17.0.32014.148
MinimumVisualStudioVersion = 10.0.40219.1
Project("{8BC9CEB8-8B4A-11D0-8D11-00A0C91BC942}") = "FixedVHDWriter", "FixedVHDWriter\FixedVHDWriter.vcxproj", "{C57D90B7-440C-4F15-B41B-E8017B642BE8}"
EndProject
Project("{8BC9CEB8-8B4A-11D0-8D11-00A0C91BC942}") = "libWriter", "libWriter\libWriter.vcxproj", "{A3E666E2-F0FD-4A5B-BB68-033B17DFDCC9}"
EndProject
Project("{FAE04EC0-301F-11D3-BF4B-00C04F79EFBC}") = "VHDHelper", "VHDHelper\VHDHelper.csproj", "{F43F031F-1AFD-4DAF-B6F1-08D91751E8A1}"
EndProject
Global
	GlobalSection(SolutionConfigurationPlatforms) = preSolution
		Debug|Any CPU = Debug|Any CPU
		Debug|x64 = Debug|x64
		Debug|x86 = Debug|x86
		Release|Any CPU = Release|Any CPU
		Release|x64 = Release|x64
		Release|x86 = Release|x86
	EndGlobalSection
	GlobalSection(ProjectConfigurationPlatforms) = postSolution
		{C57D90B7-440C-4F15-B41B-E8017B642BE8}.Debug|Any CPU.ActiveCfg = Debug|x64
		{C57D90B7-440C-4F15-B41B-E8017B642BE8}.Debug|Any CPU.Build.0 = Debug|x64
		{C57D90B7-440C-4F15-B41B-E8017B642BE8}.Debug|x64.ActiveCfg = Debug|x64
		{C57D90B7-440C-4F15-B41B-E8017B642BE8}.Debug|x64.Build.0 = Debug|x64
		{C57D90B7-440C-4F15-B41B-E8017B642BE8}.Debug|x86.ActiveCfg = Debug|Win32
		{C57D90B7-440C-4F15-B41B-E8017B642BE8}.Debug|x86.Build.0 = Debug|Win32
		{C57D90B7-440C-4F15-B41B-E8017B642BE8}.Release|Any CPU.ActiveCfg = Release|x64
		{C57D90B7-440C-4F15-B41B-E8017B642BE8}.Release|Any CPU.Build.0 = Release|x64
		{C57D90B7-440C-4F15-B41B-E8017B642BE8}.Release|x64.ActiveCfg = Release|x64
		{C57D90B7-440C-4F15-B41B-E8017B642BE8}.Release|x64.Build.0 = Release|x64
		{C57D90B7-440C-4F15-B41B-E8017B642BE8}.Release|x86.ActiveCfg = Release|Win32
		{C57D90B7-440C-4F15-B41B-E8017B642BE8}.Release|x86.Build.0 = Release|Win32
		{A3E666E2-F0FD-4A5B-BB68-033B17DFDCC9}.Debug|Any CPU.ActiveCfg = Debug|x64
		{A3E666E2-F0FD-4A5B-BB68-033B17DFDCC9}.Debug|Any CPU.Build.0 = Debug|x64
		{A3E666E2-F0FD-4A5B-BB68-033B17DFDCC9}.Debug|x64.ActiveCfg = Debug|x64
		{A3E666E2-F0FD-4A5B-BB68-033B17DFDCC9}.Debug|x64.Build.0 = Debug|x64
		{A3E666E2-F0FD-4A5B-BB68-033B17DFDCC9}.Debug|x86.ActiveCfg = Debug|Win32
		{A3E666E2-F0FD-4A5B-BB68-033B17DFDCC9}.Debug|x86.Build.0 = Debug|Win32
		{A3E666E2-F0FD-4A5B-BB68-033B17DFDCC9}.Release|Any CPU.ActiveCfg = Release|x64
		{A3E666E2-F0FD-4A5B-BB68-033B17DFDCC9}.Release|Any CPU.Build.0 = Release|x64
		{A3E666E2-F0FD-4A5B-BB68-033B17DFDCC9}.Release|x64.ActiveCfg = Release|x64
		{A3E666E2-F0FD-4A5B-BB68-033B17DFDCC9}.Release|x64.Build.0 = Release|x64
		{A3E666E2-F0FD-4A5B-BB68-033B17DFDCC9}.Release|x86.ActiveCfg = Release|Win32
		{A3E666E2-F0FD-4A5B-BB68-033B17DFDCC9}.Release|x86.Build.0 = Release|Win32
		{F43F031F-1AFD-4DAF-B6F1-08D91751E8A1}.Debug|Any CPU.ActiveCfg = Debug|Any CPU
		{F43F031F-1AFD-4DAF-B6F1-08D91751E8A1}.Debug|Any CPU.Build.0 = Debug|Any CPU
		{F43F031F-1AFD-4DAF-B6F1-08D91751E8A1}.Debug|x64.ActiveCfg = Debug|Any CPU
		{F43F031F-1AFD-4DAF-B6F1-08D91751E8A1}.Debug|x64.Build.0 = Debug|Any CPU
		{F43F031F-1AFD-4DAF-B6F1-08D91751E8A1}.Debug|x86.ActiveCfg = Debug|Any CPU
		{F43F031F-1AFD-4DAF-B6F1-08D91751E8A1}.Debug|x86.Build.0 = Debug|Any CPU
		{F43F031F-1AFD-4DAF-B6F1-08D91751E8A1}.Release|Any CPU.ActiveCfg = Release|Any CPU
		{F43F031F-1AFD-4DAF-B6F1-08D91751E8A1}.Release|Any CPU.Build.0 = Release|Any CPU
		{F43F031F-1AFD-4DAF-B6F1-08D91751E8A1}.Release|x64.ActiveCfg = Release|Any CPU
		{F43F031F-1AFD-4DAF-B6F1-08D91751E8A1}.Release|x64.Build.0 = Release|Any CPU
		{F43F031F-1AFD-4DAF-B6F1-08D91751E8A1}.Release|x86.ActiveCfg = Release|Any CPU
		{F43F031F-1AFD-4DAF-B6F1-08D91751E8A1}.Release|x86.Build.0 = Release|Any CPU
	EndGlobalSection
	GlobalSection(SolutionProperties) = preSolution
		HideSolutionNode = FALSE
	EndGlobalSection
	GlobalSection(ExtensibilityGlobals) = postSolution
		SolutionGuid = {D9CA1BA1-AFD3-470E-AECB-BA9FBA817CE0}
	EndGlobalSection
EndGlobal
